
Microsoft Visual Studio Solution File, Format Version 12.00
# Visual Studio Version 17
VisualStudioVersion = 17.2.32616.157
MinimumVisualStudioVersion = 10.0.40219.1
Project("{FAE04EC0-301F-11D3-BF4B-00C04F79EFBC}") = "IMC", "IMC\IMC.csproj", "{817F8D54-AE7C-4FB8-802B-21B6752FC6DB}"
EndProject
Global
	GlobalSection(SolutionConfigurationPlatforms) = preSolution
		Debug|Any CPU = Debug|Any CPU
		Release|Any CPU = Release|Any CPU
	EndGlobalSection
	GlobalSection(ProjectConfigurationPlatforms) = postSolution
		{817F8D54-AE7C-4FB8-802B-21B6752FC6DB}.Debug|Any CPU.ActiveCfg = Debug|Any CPU
		{817F8D54-AE7C-4FB8-802B-21B6752FC6DB}.Debug|Any CPU.Build.0 = Debug|Any CPU
		{817F8D54-AE7C-4FB8-802B-21B6752FC6DB}.Release|Any CPU.ActiveCfg = Release|Any CPU
		{817F8D54-AE7C-4FB8-802B-21B6752FC6DB}.Release|Any CPU.Build.0 = Release|Any CPU
	EndGlobalSection
	GlobalSection(SolutionProperties) = preSolution
		HideSolutionNode = FALSE
	EndGlobalSection
	GlobalSection(ExtensibilityGlobals) = postSolution
		SolutionGuid = {3296747C-1B13-49C5-A578-C05A012E92E6}
	EndGlobalSection
EndGlobal
